
Microsoft Visual Studio Solution File, Format Version 12.00
# Visual Studio 14
VisualStudioVersion = 14.0.25123.0
MinimumVisualStudioVersion = 10.0.40219.1
Project("{FAE04EC0-301F-11D3-BF4B-00C04F79EFBC}") = "SpecFlow.Retry", "SpecFlow.Retry\SpecFlow.Retry.csproj", "{09F75CED-6C8A-457B-AD23-9DF3384FE5B3}"
EndProject
Project("{FAE04EC0-301F-11D3-BF4B-00C04F79EFBC}") = "SpecFlow.Retry.Sample", "SpecFlow.Retry.Sample\SpecFlow.Retry.Sample.csproj", "{AD8D3C92-19C5-48A7-9D7A-0D0460509C67}"
EndProject
Project("{2150E333-8FDC-42A3-9474-1A3956D46DE8}") = "Solution Items", "Solution Items", "{730526D2-88B3-477B-ABE2-18531CEB3B20}"
EndProject
Global
	GlobalSection(SolutionConfigurationPlatforms) = preSolution
		Debug|Any CPU = Debug|Any CPU
		Release|Any CPU = Release|Any CPU
	EndGlobalSection
	GlobalSection(ProjectConfigurationPlatforms) = postSolution
		{09F75CED-6C8A-457B-AD23-9DF3384FE5B3}.Debug|Any CPU.ActiveCfg = Debug|Any CPU
		{09F75CED-6C8A-457B-AD23-9DF3384FE5B3}.Debug|Any CPU.Build.0 = Debug|Any CPU
		{09F75CED-6C8A-457B-AD23-9DF3384FE5B3}.Release|Any CPU.ActiveCfg = Release|Any CPU
		{09F75CED-6C8A-457B-AD23-9DF3384FE5B3}.Release|Any CPU.Build.0 = Release|Any CPU
		{AD8D3C92-19C5-48A7-9D7A-0D0460509C67}.Debug|Any CPU.ActiveCfg = Debug|Any CPU
		{AD8D3C92-19C5-48A7-9D7A-0D0460509C67}.Debug|Any CPU.Build.0 = Debug|Any CPU
		{AD8D3C92-19C5-48A7-9D7A-0D0460509C67}.Release|Any CPU.ActiveCfg = Release|Any CPU
		{AD8D3C92-19C5-48A7-9D7A-0D0460509C67}.Release|Any CPU.Build.0 = Release|Any CPU
	EndGlobalSection
	GlobalSection(SolutionProperties) = preSolution
		HideSolutionNode = FALSE
	EndGlobalSection
EndGlobal
